
Microsoft Visual Studio Solution File, Format Version 12.00
# Visual Studio Version 16
VisualStudioVersion = 16.0.30611.23
MinimumVisualStudioVersion = 10.0.40219.1
Project("{FAE04EC0-301F-11D3-BF4B-00C04F79EFBC}") = "WebApp", "WebApp\WebApp.csproj", "{E34360FD-5270-41F8-B430-C99DAA7C9752}"
EndProject
Project("{9A19103F-16F7-4668-BE54-9A1E7A4F7556}") = "WebApi", "..\WebApi\WebApi\WebApi.csproj", "{B5746353-B070-40E5-BC9B-590F7FC5B07E}"
EndProject
Global
	GlobalSection(SolutionConfigurationPlatforms) = preSolution
		Debug|Any CPU = Debug|Any CPU
		Release|Any CPU = Release|Any CPU
	EndGlobalSection
	GlobalSection(ProjectConfigurationPlatforms) = postSolution
		{E34360FD-5270-41F8-B430-C99DAA7C9752}.Debug|Any CPU.ActiveCfg = Debug|Any CPU
		{E34360FD-5270-41F8-B430-C99DAA7C9752}.Debug|Any CPU.Build.0 = Debug|Any CPU
		{E34360FD-5270-41F8-B430-C99DAA7C9752}.Release|Any CPU.ActiveCfg = Release|Any CPU
		{E34360FD-5270-41F8-B430-C99DAA7C9752}.Release|Any CPU.Build.0 = Release|Any CPU
		{B5746353-B070-40E5-BC9B-590F7FC5B07E}.Debug|Any CPU.ActiveCfg = Debug|Any CPU
		{B5746353-B070-40E5-BC9B-590F7FC5B07E}.Debug|Any CPU.Build.0 = Debug|Any CPU
		{B5746353-B070-40E5-BC9B-590F7FC5B07E}.Release|Any CPU.ActiveCfg = Release|Any CPU
		{B5746353-B070-40E5-BC9B-590F7FC5B07E}.Release|Any CPU.Build.0 = Release|Any CPU
	EndGlobalSection
	GlobalSection(SolutionProperties) = preSolution
		HideSolutionNode = FALSE
	EndGlobalSection
	GlobalSection(ExtensibilityGlobals) = postSolution
		SolutionGuid = {63475735-4601-4789-8BC3-5607533749F6}
	EndGlobalSection
EndGlobal
